{
    "_readme": [
        "This file locks the dependencies of your project to a known state",
        "Read more about it at https://getcomposer.org/doc/01-basic-usage.md#composer-lock-the-lock-file",
        "This file is @generated automatically"
    ],
    "content-hash": "ff3b9defb83e67e40646137edc822104",
    "packages": [
        {
            "name": "packaged/thrift",
            "version": "0.10.0",
            "source": {
                "type": "git",
                "url": "https://github.com/packaged/thrift.git",
                "reference": "8af3f4c0388319f65a2522844d80d8ded60d211b"
            },
            "dist": {
                "type": "zip",
                "url": "https://files.phpcomposer.com/files/packaged/thrift/8af3f4c0388319f65a2522844d80d8ded60d211b.zip",
                "reference": "8af3f4c0388319f65a2522844d80d8ded60d211b",
                "shasum": ""
            },
            "require": {
                "php": ">=5.0.0"
            },
            "type": "library",
            "autoload": {
                "psr-0": {
                    "Thrift\\": "src/"
                }
            },
            "notification-url": "https://packagist.org/downloads/",
            "license": [
                "Apache-2.0"
            ],
            "description": "Apache Thrift",
            "homepage": "http://thrift.apache.org/",
            "keywords": [
                "apache",
                "thrift"
            ],
            "time": "2017-06-05T07:52:51+00:00"
        }
    ],
    "packages-dev": [],
    "aliases": [],
    "minimum-stability": "stable",
    "stability-flags": [],
    "prefer-stable": false,
    "prefer-lowest": false,
    "platform": [],
    "platform-dev": []
}
